
Microsoft Visual Studio Solution File, Format Version 12.00
# Visual Studio Version 17
VisualStudioVersion = 17.8.34525.116
MinimumVisualStudioVersion = 10.0.40219.1
Project("{FAE04EC0-301F-11D3-BF4B-00C04F79EFBC}") = "flappybirdd", "flappybirdd.csproj", "{1C353450-DF30-4EC2-8D77-59F80DD7FEB1}"
EndProject
Global
	GlobalSection(SolutionConfigurationPlatforms) = preSolution
		Debug|Any CPU = Debug|Any CPU
		Release|Any CPU = Release|Any CPU
	EndGlobalSection
	GlobalSection(ProjectConfigurationPlatforms) = postSolution
		{1C353450-DF30-4EC2-8D77-59F80DD7FEB1}.Debug|Any CPU.ActiveCfg = Debug|Any CPU
		{1C353450-DF30-4EC2-8D77-59F80DD7FEB1}.Debug|Any CPU.Build.0 = Debug|Any CPU
		{1C353450-DF30-4EC2-8D77-59F80DD7FEB1}.Release|Any CPU.ActiveCfg = Release|Any CPU
		{1C353450-DF30-4EC2-8D77-59F80DD7FEB1}.Release|Any CPU.Build.0 = Release|Any CPU
	EndGlobalSection
	GlobalSection(SolutionProperties) = preSolution
		HideSolutionNode = FALSE
	EndGlobalSection
	GlobalSection(ExtensibilityGlobals) = postSolution
		SolutionGuid = {DA9F19BA-4900-4A72-ACC0-039EE781E5BB}
	EndGlobalSection
EndGlobal
